
Microsoft Visual Studio Solution File, Format Version 12.00
# Visual Studio Version 16
VisualStudioVersion = 16.0.30608.117
MinimumVisualStudioVersion = 10.0.40219.1
Project("{FAE04EC0-301F-11D3-BF4B-00C04F79EFBC}") = "JRaidRewritten", "JRaidRewritten\JRaidRewritten.csproj", "{0EE7D170-4704-40F3-9A81-E6E2F30D0ECC}"
EndProject
Global
	GlobalSection(SolutionConfigurationPlatforms) = preSolution
		Debug|Any CPU = Debug|Any CPU
		Release|Any CPU = Release|Any CPU
	EndGlobalSection
	GlobalSection(ProjectConfigurationPlatforms) = postSolution
		{0EE7D170-4704-40F3-9A81-E6E2F30D0ECC}.Debug|Any CPU.ActiveCfg = Debug|Any CPU
		{0EE7D170-4704-40F3-9A81-E6E2F30D0ECC}.Debug|Any CPU.Build.0 = Debug|Any CPU
		{0EE7D170-4704-40F3-9A81-E6E2F30D0ECC}.Release|Any CPU.ActiveCfg = Release|Any CPU
		{0EE7D170-4704-40F3-9A81-E6E2F30D0ECC}.Release|Any CPU.Build.0 = Release|Any CPU
	EndGlobalSection
	GlobalSection(SolutionProperties) = preSolution
		HideSolutionNode = FALSE
	EndGlobalSection
	GlobalSection(ExtensibilityGlobals) = postSolution
		SolutionGuid = {16CD8978-852C-40BB-A34E-CEDFFD506AF3}
	EndGlobalSection
EndGlobal
